{
  "name": "node-app",
  "version": "1.0.0",
  "lockfileVersion": 1,
  "requires": true,
  "dependencies": {
    "lion-lib-4": {
      "version": "1.1.1",
      "resolved": "https://registry.npmjs.org/lion-lib-4/-/lion-lib-4-1.1.1.tgz",
      "integrity": "sha512-F9hMTNM09+a6O5YSD76QTSAyM83byTQxVdfP1lu6dbprkiaiYKTOOtzqI6TUNPMZPbb0jogcKru7ta48TgWhvA=="
    }
  }
}
